
Microsoft Visual Studio Solution File, Format Version 12.00
# Visual Studio 2012
Project("{FAE04EC0-301F-11D3-BF4B-00C04F79EFBC}") = "Searching algorithms", "Searching algorithms\Searching algorithms.csproj", "{B408C7FD-FC2F-437D-B09F-F4FC0CB7D2BC}"
EndProject
Global
	GlobalSection(SolutionConfigurationPlatforms) = preSolution
		Debug|Any CPU = Debug|Any CPU
		Release|Any CPU = Release|Any CPU
	EndGlobalSection
	GlobalSection(ProjectConfigurationPlatforms) = postSolution
		{B408C7FD-FC2F-437D-B09F-F4FC0CB7D2BC}.Debug|Any CPU.ActiveCfg = Debug|Any CPU
		{B408C7FD-FC2F-437D-B09F-F4FC0CB7D2BC}.Debug|Any CPU.Build.0 = Debug|Any CPU
		{B408C7FD-FC2F-437D-B09F-F4FC0CB7D2BC}.Release|Any CPU.ActiveCfg = Release|Any CPU
		{B408C7FD-FC2F-437D-B09F-F4FC0CB7D2BC}.Release|Any CPU.Build.0 = Release|Any CPU
	EndGlobalSection
	GlobalSection(SolutionProperties) = preSolution
		HideSolutionNode = FALSE
	EndGlobalSection
EndGlobal
